// !$*UTF8*$!
{
	archiveVersion = 1;
	classes = {
	};
	objectVersion = 56;
	objects = {

/* Begin PBXBuildFile section */
		106322221B6E95F5023A8F75 /* Pods_Product_Store.framework in Frameworks */ = {isa = PBXBuildFile; fileRef = 35A83E44C425A3959A7CD875 /* Pods_Product_Store.framework */; };
		AE05865E2A2802FD00AFEA72 /* ProductList.swift in Sources */ = {isa = PBXBuildFile; fileRef = AE05865D2A2802FD00AFEA72 /* ProductList.swift */; };
		AE0586602A28066500AFEA72 /* ProductListModelView.swift in Sources */ = {isa = PBXBuildFile; fileRef = AE05865F2A28066500AFEA72 /* ProductListModelView.swift */; };
		AE0586622A280BD800AFEA72 /* ProductContainerModel.swift in Sources */ = {isa = PBXBuildFile; fileRef = AE0586612A280BD800AFEA72 /* ProductContainerModel.swift */; };
		AE0586652A280D1100AFEA72 /* Service.swift in Sources */ = {isa = PBXBuildFile; fileRef = AE0586642A280D1100AFEA72 /* Service.swift */; };
		AE0586692A28336200AFEA72 /* KingFisherImageView.swift in Sources */ = {isa = PBXBuildFile; fileRef = AE0586682A28336200AFEA72 /* KingFisherImageView.swift */; };
		AE05866B2A284F9800AFEA72 /* Image+Data.swift in Sources */ = {isa = PBXBuildFile; fileRef = AE05866A2A284F9800AFEA72 /* Image+Data.swift */; };
		AE05866F2A28572600AFEA72 /* ProductDetail.swift in Sources */ = {isa = PBXBuildFile; fileRef = AE05866E2A28572600AFEA72 /* ProductDetail.swift */; };
		AEA9529A2A27AF2600240852 /* Product_StoreApp.swift in Sources */ = {isa = PBXBuildFile; fileRef = AEA952992A27AF2600240852 /* Product_StoreApp.swift */; };
		AEA9529C2A27AF2600240852 /* ContentView.swift in Sources */ = {isa = PBXBuildFile; fileRef = AEA9529B2A27AF2600240852 /* ContentView.swift */; };
		AEA9529E2A27AF2800240852 /* Assets.xcassets in Resources */ = {isa = PBXBuildFile; fileRef = AEA9529D2A27AF2800240852 /* Assets.xcassets */; };
		AEA952A12A27AF2800240852 /* Preview Assets.xcassets in Resources */ = {isa = PBXBuildFile; fileRef = AEA952A02A27AF2800240852 /* Preview Assets.xcassets */; };
		AEA952A32A27AF2800240852 /* Persistence.swift in Sources */ = {isa = PBXBuildFile; fileRef = AEA952A22A27AF2800240852 /* Persistence.swift */; };
		AEA952A62A27AF2800240852 /* Product_Store.xcdatamodeld in Sources */ = {isa = PBXBuildFile; fileRef = AEA952A42A27AF2800240852 /* Product_Store.xcdatamodeld */; };
		AEA952B02A27B20A00240852 /* ProductCard.swift in Sources */ = {isa = PBXBuildFile; fileRef = AEA952AF2A27B20A00240852 /* ProductCard.swift */; };
		AEA952B52A27C33000240852 /* ThemeColor.swift in Sources */ = {isa = PBXBuildFile; fileRef = AEA952B42A27C33000240852 /* ThemeColor.swift */; };
		AEA952B72A27EDED00240852 /* Product.swift in Sources */ = {isa = PBXBuildFile; fileRef = AEA952B62A27EDED00240852 /* Product.swift */; };
/* End PBXBuildFile section */

/* Begin PBXFileReference section */
		35A83E44C425A3959A7CD875 /* Pods_Product_Store.framework */ = {isa = PBXFileReference; explicitFileType = wrapper.framework; includeInIndex = 0; path = Pods_Product_Store.framework; sourceTree = BUILT_PRODUCTS_DIR; };
		5FEE6B7766850695241D9E90 /* Pods-Product Store.release.xcconfig */ = {isa = PBXFileReference; includeInIndex = 1; lastKnownFileType = text.xcconfig; name = "Pods-Product Store.release.xcconfig"; path = "Target Support Files/Pods-Product Store/Pods-Product Store.release.xcconfig"; sourceTree = "<group>"; };
		AE05865D2A2802FD00AFEA72 /* ProductList.swift */ = {isa = PBXFileReference; lastKnownFileType = sourcecode.swift; path = ProductList.swift; sourceTree = "<group>"; };
		AE05865F2A28066500AFEA72 /* ProductListModelView.swift */ = {isa = PBXFileReference; lastKnownFileType = sourcecode.swift; path = ProductListModelView.swift; sourceTree = "<group>"; };
		AE0586612A280BD800AFEA72 /* ProductContainerModel.swift */ = {isa = PBXFileReference; lastKnownFileType = sourcecode.swift; path = ProductContainerModel.swift; sourceTree = "<group>"; };
		AE0586642A280D1100AFEA72 /* Service.swift */ = {isa = PBXFileReference; lastKnownFileType = sourcecode.swift; path = Service.swift; sourceTree = "<group>"; };
		AE0586662A28194800AFEA72 /* Product-Store-Info.plist */ = {isa = PBXFileReference; lastKnownFileType = text.plist; path = "Product-Store-Info.plist"; sourceTree = SOURCE_ROOT; };
		AE0586682A28336200AFEA72 /* KingFisherImageView.swift */ = {isa = PBXFileReference; lastKnownFileType = sourcecode.swift; path = KingFisherImageView.swift; sourceTree = "<group>"; };
		AE05866A2A284F9800AFEA72 /* Image+Data.swift */ = {isa = PBXFileReference; lastKnownFileType = sourcecode.swift; path = "Image+Data.swift"; sourceTree = "<group>"; };
		AE05866E2A28572600AFEA72 /* ProductDetail.swift */ = {isa = PBXFileReference; lastKnownFileType = sourcecode.swift; path = ProductDetail.swift; sourceTree = "<group>"; };
		AEA952962A27AF2600240852 /* Product Store.app */ = {isa = PBXFileReference; explicitFileType = wrapper.application; includeInIndex = 0; path = "Product Store.app"; sourceTree = BUILT_PRODUCTS_DIR; };
		AEA952992A27AF2600240852 /* Product_StoreApp.swift */ = {isa = PBXFileReference; lastKnownFileType = sourcecode.swift; path = Product_StoreApp.swift; sourceTree = "<group>"; };
		AEA9529B2A27AF2600240852 /* ContentView.swift */ = {isa = PBXFileReference; lastKnownFileType = sourcecode.swift; path = ContentView.swift; sourceTree = "<group>"; };
		AEA9529D2A27AF2800240852 /* Assets.xcassets */ = {isa = PBXFileReference; lastKnownFileType = folder.assetcatalog; path = Assets.xcassets; sourceTree = "<group>"; };
		AEA952A02A27AF2800240852 /* Preview Assets.xcassets */ = {isa = PBXFileReference; lastKnownFileType = folder.assetcatalog; path = "Preview Assets.xcassets"; sourceTree = "<group>"; };
		AEA952A22A27AF2800240852 /* Persistence.swift */ = {isa = PBXFileReference; lastKnownFileType = sourcecode.swift; path = Persistence.swift; sourceTree = "<group>"; };
		AEA952A52A27AF2800240852 /* Product_Store.xcdatamodel */ = {isa = PBXFileReference; lastKnownFileType = wrapper.xcdatamodel; path = Product_Store.xcdatamodel; sourceTree = "<group>"; };
		AEA952AF2A27B20A00240852 /* ProductCard.swift */ = {isa = PBXFileReference; lastKnownFileType = sourcecode.swift; path = ProductCard.swift; sourceTree = "<group>"; };
		AEA952B42A27C33000240852 /* ThemeColor.swift */ = {isa = PBXFileReference; lastKnownFileType = sourcecode.swift; path = ThemeColor.swift; sourceTree = "<group>"; };
		AEA952B62A27EDED00240852 /* Product.swift */ = {isa = PBXFileReference; lastKnownFileType = sourcecode.swift; path = Product.swift; sourceTree = "<group>"; };
		C1EE6864D868E49B308DED0F /* Pods-Product Store.debug.xcconfig */ = {isa = PBXFileReference; includeInIndex = 1; lastKnownFileType = text.xcconfig; name = "Pods-Product Store.debug.xcconfig"; path = "Target Support Files/Pods-Product Store/Pods-Product Store.debug.xcconfig"; sourceTree = "<group>"; };
/* End PBXFileReference section */

/* Begin PBXFrameworksBuildPhase section */
		AEA952932A27AF2600240852 /* Frameworks */ = {
			isa = PBXFrameworksBuildPhase;
			buildActionMask = 2147483647;
			files = (
				106322221B6E95F5023A8F75 /* Pods_Product_Store.framework in Frameworks */,
			);
			runOnlyForDeploymentPostprocessing = 0;
		};
/* End PBXFrameworksBuildPhase section */

/* Begin PBXGroup section */
		31080D86104E8187B7C86B12 /* Frameworks */ = {
			isa = PBXGroup;
			children = (
				35A83E44C425A3959A7CD875 /* Pods_Product_Store.framework */,
			);
			name = Frameworks;
			sourceTree = "<group>";
		};
		60880716680C04F0DBC7CB4D /* Pods */ = {
			isa = PBXGroup;
			children = (
				C1EE6864D868E49B308DED0F /* Pods-Product Store.debug.xcconfig */,
				5FEE6B7766850695241D9E90 /* Pods-Product Store.release.xcconfig */,
			);
			path = Pods;
			sourceTree = "<group>";
		};
		AE0586632A280CE400AFEA72 /* Networking */ = {
			isa = PBXGroup;
			children = (
				AE0586642A280D1100AFEA72 /* Service.swift */,
			);
			path = Networking;
			sourceTree = "<group>";
		};
		AE0586672A2832E800AFEA72 /* Extensions */ = {
			isa = PBXGroup;
			children = (
				AE05866A2A284F9800AFEA72 /* Image+Data.swift */,
			);
			path = Extensions;
			sourceTree = "<group>";
		};
		AE0586722A286E3500AFEA72 /* Products */ = {
			isa = PBXGroup;
			children = (
				AE05865D2A2802FD00AFEA72 /* ProductList.swift */,
				AEA952AF2A27B20A00240852 /* ProductCard.swift */,
				AE05866E2A28572600AFEA72 /* ProductDetail.swift */,
			);
			path = Products;
			sourceTree = "<group>";
		};
		AEA9528D2A27AF2600240852 = {
			isa = PBXGroup;
			children = (
				AEA952982A27AF2600240852 /* Product Store */,
				AEA952972A27AF2600240852 /* Products */,
				60880716680C04F0DBC7CB4D /* Pods */,
				31080D86104E8187B7C86B12 /* Frameworks */,
			);
			sourceTree = "<group>";
		};
		AEA952972A27AF2600240852 /* Products */ = {
			isa = PBXGroup;
			children = (
				AEA952962A27AF2600240852 /* Product Store.app */,
			);
			name = Products;
			sourceTree = "<group>";
		};
		AEA952982A27AF2600240852 /* Product Store */ = {
			isa = PBXGroup;
			children = (
				AE0586662A28194800AFEA72 /* Product-Store-Info.plist */,
				AE0586672A2832E800AFEA72 /* Extensions */,
				AE0586632A280CE400AFEA72 /* Networking */,
				AEA952AE2A27AF8700240852 /* Model */,
				AEA952AD2A27AF7D00240852 /* ViewModel */,
				AEA952AC2A27AF5B00240852 /* View */,
				AEA9529D2A27AF2800240852 /* Assets.xcassets */,
				AEA952A22A27AF2800240852 /* Persistence.swift */,
				AEA952A42A27AF2800240852 /* Product_Store.xcdatamodeld */,
				AEA9529F2A27AF2800240852 /* Preview Content */,
			);
			path = "Product Store";
			sourceTree = "<group>";
		};
		AEA9529F2A27AF2800240852 /* Preview Content */ = {
			isa = PBXGroup;
			children = (
				AEA952A02A27AF2800240852 /* Preview Assets.xcassets */,
			);
			path = "Preview Content";
			sourceTree = "<group>";
		};
		AEA952AC2A27AF5B00240852 /* View */ = {
			isa = PBXGroup;
			children = (
				AE0586722A286E3500AFEA72 /* Products */,
				AEA952B32A27C31700240852 /* Helpers */,
				AEA952992A27AF2600240852 /* Product_StoreApp.swift */,
				AEA9529B2A27AF2600240852 /* ContentView.swift */,
			);
			path = View;
			sourceTree = "<group>";
		};
		AEA952AD2A27AF7D00240852 /* ViewModel */ = {
			isa = PBXGroup;
			children = (
				AE05865F2A28066500AFEA72 /* ProductListModelView.swift */,
			);
			path = ViewModel;
			sourceTree = "<group>";
		};
		AEA952AE2A27AF8700240852 /* Model */ = {
			isa = PBXGroup;
			children = (
				AEA952B62A27EDED00240852 /* Product.swift */,
				AE0586612A280BD800AFEA72 /* ProductContainerModel.swift */,
			);
			path = Model;
			sourceTree = "<group>";
		};
		AEA952B32A27C31700240852 /* Helpers */ = {
			isa = PBXGroup;
			children = (
				AEA952B42A27C33000240852 /* ThemeColor.swift */,
				AE0586682A28336200AFEA72 /* KingFisherImageView.swift */,
			);
			path = Helpers;
			sourceTree = "<group>";
		};
/* End PBXGroup section */

/* Begin PBXNativeTarget section */
		AEA952952A27AF2600240852 /* Product Store */ = {
			isa = PBXNativeTarget;
			buildConfigurationList = AEA952A92A27AF2800240852 /* Build configuration list for PBXNativeTarget "Product Store" */;
			buildPhases = (
				D24A181DAB087270E77516A7 /* [CP] Check Pods Manifest.lock */,
				AEA952922A27AF2600240852 /* Sources */,
				AEA952932A27AF2600240852 /* Frameworks */,
				AEA952942A27AF2600240852 /* Resources */,
				2A6175BEDE56125DD32B67B6 /* [CP] Embed Pods Frameworks */,
			);
			buildRules = (
			);
			dependencies = (
			);
			name = "Product Store";
			productName = "Product Store";
			productReference = AEA952962A27AF2600240852 /* Product Store.app */;
			productType = "com.apple.product-type.application";
		};
/* End PBXNativeTarget section */

/* Begin PBXProject section */
		AEA9528E2A27AF2600240852 /* Project object */ = {
			isa = PBXProject;
			attributes = {
				BuildIndependentTargetsInParallel = 1;
				LastSwiftUpdateCheck = 1420;
				LastUpgradeCheck = 1420;
				TargetAttributes = {
					AEA952952A27AF2600240852 = {
						CreatedOnToolsVersion = 14.2;
					};
				};
			};
			buildConfigurationList = AEA952912A27AF2600240852 /* Build configuration list for PBXProject "Product Store" */;
			compatibilityVersion = "Xcode 14.0";
			developmentRegion = en;
			hasScannedForEncodings = 0;
			knownRegions = (
				en,
				Base,
			);
			mainGroup = AEA9528D2A27AF2600240852;
			productRefGroup = AEA952972A27AF2600240852 /* Products */;
			projectDirPath = "";
			projectRoot = "";
			targets = (
				AEA952952A27AF2600240852 /* Product Store */,
			);
		};
/* End PBXProject section */

/* Begin PBXResourcesBuildPhase section */
		AEA952942A27AF2600240852 /* Resources */ = {
			isa = PBXResourcesBuildPhase;
			buildActionMask = 2147483647;
			files = (
				AEA952A12A27AF2800240852 /* Preview Assets.xcassets in Resources */,
				AEA9529E2A27AF2800240852 /* Assets.xcassets in Resources */,
			);
			runOnlyForDeploymentPostprocessing = 0;
		};
/* End PBXResourcesBuildPhase section */

/* Begin PBXShellScriptBuildPhase section */
		2A6175BEDE56125DD32B67B6 /* [CP] Embed Pods Frameworks */ = {
			isa = PBXShellScriptBuildPhase;
			buildActionMask = 2147483647;
			files = (
			);
			inputFileListPaths = (
				"${PODS_ROOT}/Target Support Files/Pods-Product Store/Pods-Product Store-frameworks-${CONFIGURATION}-input-files.xcfilelist",
			);
			name = "[CP] Embed Pods Frameworks";
			outputFileListPaths = (
				"${PODS_ROOT}/Target Support Files/Pods-Product Store/Pods-Product Store-frameworks-${CONFIGURATION}-output-files.xcfilelist",
			);
			runOnlyForDeploymentPostprocessing = 0;
			shellPath = /bin/sh;
			shellScript = "\"${PODS_ROOT}/Target Support Files/Pods-Product Store/Pods-Product Store-frameworks.sh\"\n";
			showEnvVarsInLog = 0;
		};
		D24A181DAB087270E77516A7 /* [CP] Check Pods Manifest.lock */ = {
			isa = PBXShellScriptBuildPhase;
			buildActionMask = 2147483647;
			files = (
			);
			inputFileListPaths = (
			);
			inputPaths = (
				"${PODS_PODFILE_DIR_PATH}/Podfile.lock",
				"${PODS_ROOT}/Manifest.lock",
			);
			name = "[CP] Check Pods Manifest.lock";
			outputFileListPaths = (
			);
			outputPaths = (
				"$(DERIVED_FILE_DIR)/Pods-Product Store-checkManifestLockResult.txt",
			);
			runOnlyForDeploymentPostprocessing = 0;
			shellPath = /bin/sh;
			shellScript = "diff \"${PODS_PODFILE_DIR_PATH}/Podfile.lock\" \"${PODS_ROOT}/Manifest.lock\" > /dev/null\nif [ $? != 0 ] ; then\n    # print error to STDERR\n    echo \"error: The sandbox is not in sync with the Podfile.lock. Run 'pod install' or update your CocoaPods installation.\" >&2\n    exit 1\nfi\n# This output is used by Xcode 'outputs' to avoid re-running this script phase.\necho \"SUCCESS\" > \"${SCRIPT_OUTPUT_FILE_0}\"\n";
			showEnvVarsInLog = 0;
		};
/* End PBXShellScriptBuildPhase section */

/* Begin PBXSourcesBuildPhase section */
		AEA952922A27AF2600240852 /* Sources */ = {
			isa = PBXSourcesBuildPhase;
			buildActionMask = 2147483647;
			files = (
				AE0586602A28066500AFEA72 /* ProductListModelView.swift in Sources */,
				AE0586622A280BD800AFEA72 /* ProductContainerModel.swift in Sources */,
				AEA952A32A27AF2800240852 /* Persistence.swift in Sources */,
				AE05865E2A2802FD00AFEA72 /* ProductList.swift in Sources */,
				AEA9529C2A27AF2600240852 /* ContentView.swift in Sources */,
				AE05866B2A284F9800AFEA72 /* Image+Data.swift in Sources */,
				AEA9529A2A27AF2600240852 /* Product_StoreApp.swift in Sources */,
				AEA952B02A27B20A00240852 /* ProductCard.swift in Sources */,
				AEA952A62A27AF2800240852 /* Product_Store.xcdatamodeld in Sources */,
				AE0586692A28336200AFEA72 /* KingFisherImageView.swift in Sources */,
				AE05866F2A28572600AFEA72 /* ProductDetail.swift in Sources */,
				AE0586652A280D1100AFEA72 /* Service.swift in Sources */,
				AEA952B52A27C33000240852 /* ThemeColor.swift in Sources */,
				AEA952B72A27EDED00240852 /* Product.swift in Sources */,
			);
			runOnlyForDeploymentPostprocessing = 0;
		};
/* End PBXSourcesBuildPhase section */

/* Begin XCBuildConfiguration section */
		AEA952A72A27AF2800240852 /* Debug */ = {
			isa = XCBuildConfiguration;
			buildSettings = {
				ALWAYS_SEARCH_USER_PATHS = NO;
				CLANG_ANALYZER_NONNULL = YES;
				CLANG_ANALYZER_NUMBER_OBJECT_CONVERSION = YES_AGGRESSIVE;
				CLANG_CXX_LANGUAGE_STANDARD = "gnu++20";
				CLANG_ENABLE_MODULES = YES;
				CLANG_ENABLE_OBJC_ARC = YES;
				CLANG_ENABLE_OBJC_WEAK = YES;
				CLANG_WARN_BLOCK_CAPTURE_AUTORELEASING = YES;
				CLANG_WARN_BOOL_CONVERSION = YES;
				CLANG_WARN_COMMA = YES;
				CLANG_WARN_CONSTANT_CONVERSION = YES;
				CLANG_WARN_DEPRECATED_OBJC_IMPLEMENTATIONS = YES;
				CLANG_WARN_DIRECT_OBJC_ISA_USAGE = YES_ERROR;
				CLANG_WARN_DOCUMENTATION_COMMENTS = YES;
				CLANG_WARN_EMPTY_BODY = YES;
				CLANG_WARN_ENUM_CONVERSION = YES;
				CLANG_WARN_INFINITE_RECURSION = YES;
				CLANG_WARN_INT_CONVERSION = YES;
				CLANG_WARN_NON_LITERAL_NULL_CONVERSION = YES;
				CLANG_WARN_OBJC_IMPLICIT_RETAIN_SELF = YES;
				CLANG_WARN_OBJC_LITERAL_CONVERSION = YES;
				CLANG_WARN_OBJC_ROOT_CLASS = YES_ERROR;
				CLANG_WARN_QUOTED_INCLUDE_IN_FRAMEWORK_HEADER = YES;
				CLANG_WARN_RANGE_LOOP_ANALYSIS = YES;
				CLANG_WARN_STRICT_PROTOTYPES = YES;
				CLANG_WARN_SUSPICIOUS_MOVE = YES;
				CLANG_WARN_UNGUARDED_AVAILABILITY = YES_AGGRESSIVE;
				CLANG_WARN_UNREACHABLE_CODE = YES;
				CLANG_WARN__DUPLICATE_METHOD_MATCH = YES;
				COPY_PHASE_STRIP = NO;
				DEBUG_INFORMATION_FORMAT = dwarf;
				ENABLE_STRICT_OBJC_MSGSEND = YES;
				ENABLE_TESTABILITY = YES;
				GCC_C_LANGUAGE_STANDARD = gnu11;
				GCC_DYNAMIC_NO_PIC = NO;
				GCC_NO_COMMON_BLOCKS = YES;
				GCC_OPTIMIZATION_LEVEL = 0;
				GCC_PREPROCESSOR_DEFINITIONS = (
					"DEBUG=1",
					"$(inherited)",
				);
				GCC_WARN_64_TO_32_BIT_CONVERSION = YES;
				GCC_WARN_ABOUT_RETURN_TYPE = YES_ERROR;
				GCC_WARN_UNDECLARED_SELECTOR = YES;
				GCC_WARN_UNINITIALIZED_AUTOS = YES_AGGRESSIVE;
				GCC_WARN_UNUSED_FUNCTION = YES;
				GCC_WARN_UNUSED_VARIABLE = YES;
				IPHONEOS_DEPLOYMENT_TARGET = 15.0;
				MTL_ENABLE_DEBUG_INFO = INCLUDE_SOURCE;
				MTL_FAST_MATH = YES;
				ONLY_ACTIVE_ARCH = YES;
				SDKROOT = iphoneos;
				SWIFT_ACTIVE_COMPILATION_CONDITIONS = DEBUG;
				SWIFT_OPTIMIZATION_LEVEL = "-Onone";
			};
			name = Debug;
		};
		AEA952A82A27AF2800240852 /* Release */ = {
			isa = XCBuildConfiguration;
			buildSettings = {
				ALWAYS_SEARCH_USER_PATHS = NO;
				CLANG_ANALYZER_NONNULL = YES;
				CLANG_ANALYZER_NUMBER_OBJECT_CONVERSION = YES_AGGRESSIVE;
				CLANG_CXX_LANGUAGE_STANDARD = "gnu++20";
				CLANG_ENABLE_MODULES = YES;
				CLANG_ENABLE_OBJC_ARC = YES;
				CLANG_ENABLE_OBJC_WEAK = YES;
				CLANG_WARN_BLOCK_CAPTURE_AUTORELEASING = YES;
				CLANG_WARN_BOOL_CONVERSION = YES;
				CLANG_WARN_COMMA = YES;
				CLANG_WARN_CONSTANT_CONVERSION = YES;
				CLANG_WARN_DEPRECATED_OBJC_IMPLEMENTATIONS = YES;
				CLANG_WARN_DIRECT_OBJC_ISA_USAGE = YES_ERROR;
				CLANG_WARN_DOCUMENTATION_COMMENTS = YES;
				CLANG_WARN_EMPTY_BODY = YES;
				CLANG_WARN_ENUM_CONVERSION = YES;
				CLANG_WARN_INFINITE_RECURSION = YES;
				CLANG_WARN_INT_CONVERSION = YES;
				CLANG_WARN_NON_LITERAL_NULL_CONVERSION = YES;
				CLANG_WARN_OBJC_IMPLICIT_RETAIN_SELF = YES;
				CLANG_WARN_OBJC_LITERAL_CONVERSION = YES;
				CLANG_WARN_OBJC_ROOT_CLASS = YES_ERROR;
				CLANG_WARN_QUOTED_INCLUDE_IN_FRAMEWORK_HEADER = YES;
				CLANG_WARN_RANGE_LOOP_ANALYSIS = YES;
				CLANG_WARN_STRICT_PROTOTYPES = YES;
				CLANG_WARN_SUSPICIOUS_MOVE = YES;
				CLANG_WARN_UNGUARDED_AVAILABILITY = YES_AGGRESSIVE;
				CLANG_WARN_UNREACHABLE_CODE = YES;
				CLANG_WARN__DUPLICATE_METHOD_MATCH = YES;
				COPY_PHASE_STRIP = NO;
				DEBUG_INFORMATION_FORMAT = "dwarf-with-dsym";
				ENABLE_NS_ASSERTIONS = NO;
				ENABLE_STRICT_OBJC_MSGSEND = YES;
				GCC_C_LANGUAGE_STANDARD = gnu11;
				GCC_NO_COMMON_BLOCKS = YES;
				GCC_WARN_64_TO_32_BIT_CONVERSION = YES;
				GCC_WARN_ABOUT_RETURN_TYPE = YES_ERROR;
				GCC_WARN_UNDECLARED_SELECTOR = YES;
				GCC_WARN_UNINITIALIZED_AUTOS = YES_AGGRESSIVE;
				GCC_WARN_UNUSED_FUNCTION = YES;
				GCC_WARN_UNUSED_VARIABLE = YES;
				IPHONEOS_DEPLOYMENT_TARGET = 15.0;
				MTL_ENABLE_DEBUG_INFO = NO;
				MTL_FAST_MATH = YES;
				SDKROOT = iphoneos;
				SWIFT_COMPILATION_MODE = wholemodule;
				SWIFT_OPTIMIZATION_LEVEL = "-O";
				VALIDATE_PRODUCT = YES;
			};
			name = Release;
		};
		AEA952AA2A27AF2800240852 /* Debug */ = {
			isa = XCBuildConfiguration;
			baseConfigurationReference = C1EE6864D868E49B308DED0F /* Pods-Product Store.debug.xcconfig */;
			buildSettings = {
				ASSETCATALOG_COMPILER_APPICON_NAME = AppIcon;
				ASSETCATALOG_COMPILER_GLOBAL_ACCENT_COLOR_NAME = AccentColor;
				CODE_SIGN_STYLE = Automatic;
				CURRENT_PROJECT_VERSION = 1;
				DEVELOPMENT_ASSET_PATHS = "\"Product Store/Preview Content\"";
				ENABLE_PREVIEWS = YES;
				GENERATE_INFOPLIST_FILE = YES;
				INFOPLIST_FILE = "Product-Store-Info.plist";
				INFOPLIST_KEY_UIApplicationSceneManifest_Generation = YES;
				INFOPLIST_KEY_UIApplicationSupportsIndirectInputEvents = YES;
				INFOPLIST_KEY_UILaunchScreen_Generation = YES;
				INFOPLIST_KEY_UISupportedInterfaceOrientations_iPad = "UIInterfaceOrientationPortrait UIInterfaceOrientationPortraitUpsideDown UIInterfaceOrientationLandscapeLeft UIInterfaceOrientationLandscapeRight";
				INFOPLIST_KEY_UISupportedInterfaceOrientations_iPhone = "UIInterfaceOrientationPortrait UIInterfaceOrientationLandscapeLeft UIInterfaceOrientationLandscapeRight";
				IPHONEOS_DEPLOYMENT_TARGET = 15.0;
				LD_RUNPATH_SEARCH_PATHS = (
					"$(inherited)",
					"@executable_path/Frameworks",
				);
				MARKETING_VERSION = 1.0;
				PRODUCT_BUNDLE_IDENTIFIER = "hagar.Product-Store";
				PRODUCT_NAME = "$(TARGET_NAME)";
				SWIFT_EMIT_LOC_STRINGS = YES;
				SWIFT_VERSION = 5.0;
				TARGETED_DEVICE_FAMILY = "1,2";
			};
			name = Debug;
		};
		AEA952AB2A27AF2800240852 /* Release */ = {
			isa = XCBuildConfiguration;
			baseConfigurationReference = 5FEE6B7766850695241D9E90 /* Pods-Product Store.release.xcconfig */;
			buildSettings = {
				ASSETCATALOG_COMPILER_APPICON_NAME = AppIcon;
				ASSETCATALOG_COMPILER_GLOBAL_ACCENT_COLOR_NAME = AccentColor;
				CODE_SIGN_STYLE = Automatic;
				CURRENT_PROJECT_VERSION = 1;
				DEVELOPMENT_ASSET_PATHS = "\"Product Store/Preview Content\"";
				ENABLE_PREVIEWS = YES;
				GENERATE_INFOPLIST_FILE = YES;
				INFOPLIST_FILE = "Product-Store-Info.plist";
				INFOPLIST_KEY_UIApplicationSceneManifest_Generation = YES;
				INFOPLIST_KEY_UIApplicationSupportsIndirectInputEvents = YES;
				INFOPLIST_KEY_UILaunchScreen_Generation = YES;
				INFOPLIST_KEY_UISupportedInterfaceOrientations_iPad = "UIInterfaceOrientationPortrait UIInterfaceOrientationPortraitUpsideDown UIInterfaceOrientationLandscapeLeft UIInterfaceOrientationLandscapeRight";
				INFOPLIST_KEY_UISupportedInterfaceOrientations_iPhone = "UIInterfaceOrientationPortrait UIInterfaceOrientationLandscapeLeft UIInterfaceOrientationLandscapeRight";
				IPHONEOS_DEPLOYMENT_TARGET = 15.0;
				LD_RUNPATH_SEARCH_PATHS = (
					"$(inherited)",
					"@executable_path/Frameworks",
				);
				MARKETING_VERSION = 1.0;
				PRODUCT_BUNDLE_IDENTIFIER = "hagar.Product-Store";
				PRODUCT_NAME = "$(TARGET_NAME)";
				SWIFT_EMIT_LOC_STRINGS = YES;
				SWIFT_VERSION = 5.0;
				TARGETED_DEVICE_FAMILY = "1,2";
			};
			name = Release;
		};
/* End XCBuildConfiguration section */

/* Begin XCConfigurationList section */
		AEA952912A27AF2600240852 /* Build configuration list for PBXProject "Product Store" */ = {
			isa = XCConfigurationList;
			buildConfigurations = (
				AEA952A72A27AF2800240852 /* Debug */,
				AEA952A82A27AF2800240852 /* Release */,
			);
			defaultConfigurationIsVisible = 0;
			defaultConfigurationName = Release;
		};
		AEA952A92A27AF2800240852 /* Build configuration list for PBXNativeTarget "Product Store" */ = {
			isa = XCConfigurationList;
			buildConfigurations = (
				AEA952AA2A27AF2800240852 /* Debug */,
				AEA952AB2A27AF2800240852 /* Release */,
			);
			defaultConfigurationIsVisible = 0;
			defaultConfigurationName = Release;
		};
/* End XCConfigurationList section */

/* Begin XCVersionGroup section */
		AEA952A42A27AF2800240852 /* Product_Store.xcdatamodeld */ = {
			isa = XCVersionGroup;
			children = (
				AEA952A52A27AF2800240852 /* Product_Store.xcdatamodel */,
			);
			currentVersion = AEA952A52A27AF2800240852 /* Product_Store.xcdatamodel */;
			path = Product_Store.xcdatamodeld;
			sourceTree = "<group>";
			versionGroupType = wrapper.xcdatamodel;
		};
/* End XCVersionGroup section */
	};
	rootObject = AEA9528E2A27AF2600240852 /* Project object */;
}
